{
  "name": "codex-automation",
  "version": "0.1.0",
  "lockfileVersion": 3,
  "requires": true,
  "packages": {
    "": {
      "name": "codex-automation",
      "version": "0.1.0",
      "license": "MIT",
      "bin": {
        "codex-automation": "bin/codex-automation.js"
      },
      "engines": {
        "node": ">=20"
      }
    }
  }
}
